<?xml version="1.0" encoding="utf-8"?>
<Project ToolsVersion="4.0" xmlns="http://schemas.microsoft.com/developer/msbuild/2003">
  <ItemGroup>
    <Filter Include="HeistEngine">
      <UniqueIdentifier>{38499D78-A4FE-156E-2DF3-0F4599A70C72}</UniqueIdentifier>
    </Filter>
    <Filter Include="HeistEngine\Core">
      <UniqueIdentifier>{90F06C31-7CE9-8B83-A51B-710891736B8F}</UniqueIdentifier>
    </Filter>
    <Filter Include="HeistEngine\Core\Event">
      <UniqueIdentifier>{E19DE8EA-CD97-113D-B604-A84DA29D77A9}</UniqueIdentifier>
    </Filter>
    <Filter Include="HeistEngine\Core\Layer">
      <UniqueIdentifier>{5C195CEB-4813-853D-3180-1B4E1D19EBA9}</UniqueIdentifier>
    </Filter>
    <Filter Include="HeistEngine\Core\Math">
      <UniqueIdentifier>{692F681E-D59B-2319-9E8F-BB760ABB4581}</UniqueIdentifier>
    </Filter>
    <Filter Include="HeistEngine\Game">
      <UniqueIdentifier>{E1E56E31-CDDE-8D83-F610-7308E2686D8F}</UniqueIdentifier>
    </Filter>
    <Filter Include="HeistEngine\Platform">
      <UniqueIdentifier>{8C649DFA-78F3-26C4-2112-3BBF0D80376A}</UniqueIdentifier>
    </Filter>
  </ItemGroup>
  <ItemGroup>
    <ClInclude Include="src\HeistEngine.h" />
    <ClInclude Include="src\HeistEngine\Core\Event\Event.h">
      <Filter>HeistEngine\Core\Event</Filter>
    </ClInclude>
    <ClInclude Include="src\HeistEngine\Core\Event\EventBus.h">
      <Filter>HeistEngine\Core\Event</Filter>
    </ClInclude>
    <ClInclude Include="src\HeistEngine\Core\Event\EventNode.h">
      <Filter>HeistEngine\Core\Event</Filter>
    </ClInclude>
    <ClInclude Include="src\HeistEngine\Core\Layer\Layer.h">
      <Filter>HeistEngine\Core\Layer</Filter>
    </ClInclude>
    <ClInclude Include="src\HeistEngine\Core\Layer\LayerStack.h">
      <Filter>HeistEngine\Core\Layer</Filter>
    </ClInclude>
    <ClInclude Include="src\HeistEngine\Core\Math\Math.h">
      <Filter>HeistEngine\Core\Math</Filter>
    </ClInclude>
    <ClInclude Include="src\HeistEngine\Core\Math\Matrix.h">
      <Filter>HeistEngine\Core\Math</Filter>
    </ClInclude>
    <ClInclude Include="src\HeistEngine\Core\Math\Vector.h">
      <Filter>HeistEngine\Core\Math</Filter>
    </ClInclude>
    <ClInclude Include="src\HeistEngine\Game\Application.h">
      <Filter>HeistEngine\Game</Filter>
    </ClInclude>
    <ClInclude Include="src\HeistEngine\Game\EntryPoint.h">
      <Filter>HeistEngine\Game</Filter>
    </ClInclude>
    <ClInclude Include="src\HeistEngine\Macro.h">
      <Filter>HeistEngine</Filter>
    </ClInclude>
    <ClInclude Include="src\HeistEngine\Platform\Assertions.h">
      <Filter>HeistEngine\Platform</Filter>
    </ClInclude>
    <ClInclude Include="src\HeistEngine\Platform\Window.h">
      <Filter>HeistEngine\Platform</Filter>
    </ClInclude>
    <ClInclude Include="src\hspch.h" />
    <ClInclude Include="src\HeistEngine\Core\Memory\Memory.h" />
    <ClInclude Include="src\HeistEngine\Core\Log\Log.h">
      <Filter>HeistEngine\Core</Filter>
    </ClInclude>
  </ItemGroup>
  <ItemGroup>
    <ClCompile Include="src\HeistEngine\Core\Event\Event.cpp">
      <Filter>HeistEngine\Core\Event</Filter>
    </ClCompile>
    <ClCompile Include="src\HeistEngine\Core\Event\EventBus.cpp">
      <Filter>HeistEngine\Core\Event</Filter>
    </ClCompile>
    <ClCompile Include="src\HeistEngine\Core\Event\EventNode.cpp">
      <Filter>HeistEngine\Core\Event</Filter>
    </ClCompile>
    <ClCompile Include="src\HeistEngine\Core\Layer\Layer.cpp">
      <Filter>HeistEngine\Core\Layer</Filter>
    </ClCompile>
    <ClCompile Include="src\HeistEngine\Core\Layer\LayerStack.cpp">
      <Filter>HeistEngine\Core\Layer</Filter>
    </ClCompile>
    <ClCompile Include="src\HeistEngine\Core\Math\Matrix.cpp">
      <Filter>HeistEngine\Core\Math</Filter>
    </ClCompile>
    <ClCompile Include="src\HeistEngine\Game\Application.cpp">
      <Filter>HeistEngine\Game</Filter>
    </ClCompile>
    <ClCompile Include="src\HeistEngine\Platform\Window.cpp">
      <Filter>HeistEngine\Platform</Filter>
    </ClCompile>
    <ClCompile Include="src\hspch.cpp" />
    <ClCompile Include="src\HeistEngine\Core\Memory\Memory.cpp" />
    <ClCompile Include="src\HeistEngine\Core\Log\Log.cpp">
      <Filter>HeistEngine\Core</Filter>
    </ClCompile>
  </ItemGroup>
</Project>